
Microsoft Visual Studio Solution File, Format Version 12.00
# Visual Studio 2013
VisualStudioVersion = 12.0.31101.0
MinimumVisualStudioVersion = 10.0.40219.1
Project("{FAE04EC0-301F-11D3-BF4B-00C04F79EFBC}") = "SensorCoffee", "SensorCoffee\SensorCoffee.csproj", "{CE9EF912-E9DA-46F8-9497-7653449E0DEA}"
EndProject
Global
	GlobalSection(SolutionConfigurationPlatforms) = preSolution
		Debug|Any CPU = Debug|Any CPU
		Debug|x86 = Debug|x86
		Release|Any CPU = Release|Any CPU
		Release|x86 = Release|x86
	EndGlobalSection
	GlobalSection(ProjectConfigurationPlatforms) = postSolution
		{CE9EF912-E9DA-46F8-9497-7653449E0DEA}.Debug|Any CPU.ActiveCfg = Debug|Any CPU
		{CE9EF912-E9DA-46F8-9497-7653449E0DEA}.Debug|Any CPU.Build.0 = Debug|Any CPU
		{CE9EF912-E9DA-46F8-9497-7653449E0DEA}.Debug|x86.ActiveCfg = Debug|x86
		{CE9EF912-E9DA-46F8-9497-7653449E0DEA}.Debug|x86.Build.0 = Debug|x86
		{CE9EF912-E9DA-46F8-9497-7653449E0DEA}.Release|Any CPU.ActiveCfg = Release|Any CPU
		{CE9EF912-E9DA-46F8-9497-7653449E0DEA}.Release|Any CPU.Build.0 = Release|Any CPU
		{CE9EF912-E9DA-46F8-9497-7653449E0DEA}.Release|x86.ActiveCfg = Release|x86
		{CE9EF912-E9DA-46F8-9497-7653449E0DEA}.Release|x86.Build.0 = Release|x86
	EndGlobalSection
	GlobalSection(SolutionProperties) = preSolution
		HideSolutionNode = FALSE
	EndGlobalSection
EndGlobal
